// !$*UTF8*$!
{
	archiveVersion = 1;
	classes = {
	};
	objectVersion = 46;
	objects = {

/* Begin PBXBuildFile section */
		6735BCD218FD49C3007C2D65 /* Foundation.framework in Frameworks */ = {isa = PBXBuildFile; fileRef = 6735BCD118FD49C3007C2D65 /* Foundation.framework */; };
		6735BCD418FD49C3007C2D65 /* CoreGraphics.framework in Frameworks */ = {isa = PBXBuildFile; fileRef = 6735BCD318FD49C3007C2D65 /* CoreGraphics.framework */; };
		6735BCD618FD49C3007C2D65 /* UIKit.framework in Frameworks */ = {isa = PBXBuildFile; fileRef = 6735BCD518FD49C3007C2D65 /* UIKit.framework */; };
		6735BCDC18FD49C3007C2D65 /* InfoPlist.strings in Resources */ = {isa = PBXBuildFile; fileRef = 6735BCDA18FD49C3007C2D65 /* InfoPlist.strings */; };
		6735BCDE18FD49C3007C2D65 /* main.m in Sources */ = {isa = PBXBuildFile; fileRef = 6735BCDD18FD49C3007C2D65 /* main.m */; };
		6735BCE218FD49C3007C2D65 /* HPAppDelegate.m in Sources */ = {isa = PBXBuildFile; fileRef = 6735BCE118FD49C3007C2D65 /* HPAppDelegate.m */; };
		6735BCE518FD49C3007C2D65 /* Main_iPhone.storyboard in Resources */ = {isa = PBXBuildFile; fileRef = 6735BCE318FD49C3007C2D65 /* Main_iPhone.storyboard */; };
		6735BCE818FD49C3007C2D65 /* Main_iPad.storyboard in Resources */ = {isa = PBXBuildFile; fileRef = 6735BCE618FD49C3007C2D65 /* Main_iPad.storyboard */; };
		6735BCEB18FD49C3007C2D65 /* HPViewController.m in Sources */ = {isa = PBXBuildFile; fileRef = 6735BCEA18FD49C3007C2D65 /* HPViewController.m */; };
		6735BCED18FD49C3007C2D65 /* Images.xcassets in Resources */ = {isa = PBXBuildFile; fileRef = 6735BCEC18FD49C3007C2D65 /* Images.xcassets */; };
		6735BCF418FD49C3007C2D65 /* XCTest.framework in Frameworks */ = {isa = PBXBuildFile; fileRef = 6735BCF318FD49C3007C2D65 /* XCTest.framework */; };
		6735BCF518FD49C3007C2D65 /* Foundation.framework in Frameworks */ = {isa = PBXBuildFile; fileRef = 6735BCD118FD49C3007C2D65 /* Foundation.framework */; };
		6735BCF618FD49C3007C2D65 /* UIKit.framework in Frameworks */ = {isa = PBXBuildFile; fileRef = 6735BCD518FD49C3007C2D65 /* UIKit.framework */; };
		6735BCFE18FD49C3007C2D65 /* InfoPlist.strings in Resources */ = {isa = PBXBuildFile; fileRef = 6735BCFC18FD49C3007C2D65 /* InfoPlist.strings */; };
		6735BD0018FD49C3007C2D65 /* ColorPanelTests.m in Sources */ = {isa = PBXBuildFile; fileRef = 6735BCFF18FD49C3007C2D65 /* ColorPanelTests.m */; };
/* End PBXBuildFile section */

/* Begin PBXContainerItemProxy section */
		6735BCF718FD49C3007C2D65 /* PBXContainerItemProxy */ = {
			isa = PBXContainerItemProxy;
			containerPortal = 6735BCC618FD49C3007C2D65 /* Project object */;
			proxyType = 1;
			remoteGlobalIDString = 6735BCCD18FD49C3007C2D65;
			remoteInfo = ColorPanel;
		};
/* End PBXContainerItemProxy section */

/* Begin PBXFileReference section */
		6735BCCE18FD49C3007C2D65 /* ColorPanel.app */ = {isa = PBXFileReference; explicitFileType = wrapper.application; includeInIndex = 0; path = ColorPanel.app; sourceTree = BUILT_PRODUCTS_DIR; };
		6735BCD118FD49C3007C2D65 /* Foundation.framework */ = {isa = PBXFileReference; lastKnownFileType = wrapper.framework; name = Foundation.framework; path = System/Library/Frameworks/Foundation.framework; sourceTree = SDKROOT; };
		6735BCD318FD49C3007C2D65 /* CoreGraphics.framework */ = {isa = PBXFileReference; lastKnownFileType = wrapper.framework; name = CoreGraphics.framework; path = System/Library/Frameworks/CoreGraphics.framework; sourceTree = SDKROOT; };
		6735BCD518FD49C3007C2D65 /* UIKit.framework */ = {isa = PBXFileReference; lastKnownFileType = wrapper.framework; name = UIKit.framework; path = System/Library/Frameworks/UIKit.framework; sourceTree = SDKROOT; };
		6735BCD918FD49C3007C2D65 /* ColorPanel-Info.plist */ = {isa = PBXFileReference; lastKnownFileType = text.plist.xml; path = "ColorPanel-Info.plist"; sourceTree = "<group>"; };
		6735BCDB18FD49C3007C2D65 /* en */ = {isa = PBXFileReference; lastKnownFileType = text.plist.strings; name = en; path = en.lproj/InfoPlist.strings; sourceTree = "<group>"; };
		6735BCDD18FD49C3007C2D65 /* main.m */ = {isa = PBXFileReference; lastKnownFileType = sourcecode.c.objc; path = main.m; sourceTree = "<group>"; };
		6735BCDF18FD49C3007C2D65 /* ColorPanel-Prefix.pch */ = {isa = PBXFileReference; lastKnownFileType = sourcecode.c.h; path = "ColorPanel-Prefix.pch"; sourceTree = "<group>"; };
		6735BCE018FD49C3007C2D65 /* HPAppDelegate.h */ = {isa = PBXFileReference; lastKnownFileType = sourcecode.c.h; path = HPAppDelegate.h; sourceTree = "<group>"; };
		6735BCE118FD49C3007C2D65 /* HPAppDelegate.m */ = {isa = PBXFileReference; lastKnownFileType = sourcecode.c.objc; path = HPAppDelegate.m; sourceTree = "<group>"; };
		6735BCE418FD49C3007C2D65 /* Base */ = {isa = PBXFileReference; lastKnownFileType = file.storyboard; name = Base; path = Base.lproj/Main_iPhone.storyboard; sourceTree = "<group>"; };
		6735BCE718FD49C3007C2D65 /* Base */ = {isa = PBXFileReference; lastKnownFileType = file.storyboard; name = Base; path = Base.lproj/Main_iPad.storyboard; sourceTree = "<group>"; };
		6735BCE918FD49C3007C2D65 /* HPViewController.h */ = {isa = PBXFileReference; lastKnownFileType = sourcecode.c.h; path = HPViewController.h; sourceTree = "<group>"; };
		6735BCEA18FD49C3007C2D65 /* HPViewController.m */ = {isa = PBXFileReference; lastKnownFileType = sourcecode.c.objc; path = HPViewController.m; sourceTree = "<group>"; };
		6735BCEC18FD49C3007C2D65 /* Images.xcassets */ = {isa = PBXFileReference; lastKnownFileType = folder.assetcatalog; path = Images.xcassets; sourceTree = "<group>"; };
		6735BCF218FD49C3007C2D65 /* ColorPanelTests.xctest */ = {isa = PBXFileReference; explicitFileType = wrapper.cfbundle; includeInIndex = 0; path = ColorPanelTests.xctest; sourceTree = BUILT_PRODUCTS_DIR; };
		6735BCF318FD49C3007C2D65 /* XCTest.framework */ = {isa = PBXFileReference; lastKnownFileType = wrapper.framework; name = XCTest.framework; path = Library/Frameworks/XCTest.framework; sourceTree = DEVELOPER_DIR; };
		6735BCFB18FD49C3007C2D65 /* ColorPanelTests-Info.plist */ = {isa = PBXFileReference; lastKnownFileType = text.plist.xml; path = "ColorPanelTests-Info.plist"; sourceTree = "<group>"; };
		6735BCFD18FD49C3007C2D65 /* en */ = {isa = PBXFileReference; lastKnownFileType = text.plist.strings; name = en; path = en.lproj/InfoPlist.strings; sourceTree = "<group>"; };
		6735BCFF18FD49C3007C2D65 /* ColorPanelTests.m */ = {isa = PBXFileReference; lastKnownFileType = sourcecode.c.objc; path = ColorPanelTests.m; sourceTree = "<group>"; };
/* End PBXFileReference section */

/* Begin PBXFrameworksBuildPhase section */
		6735BCCB18FD49C3007C2D65 /* Frameworks */ = {
			isa = PBXFrameworksBuildPhase;
			buildActionMask = 2147483647;
			files = (
				6735BCD418FD49C3007C2D65 /* CoreGraphics.framework in Frameworks */,
				6735BCD618FD49C3007C2D65 /* UIKit.framework in Frameworks */,
				6735BCD218FD49C3007C2D65 /* Foundation.framework in Frameworks */,
			);
			runOnlyForDeploymentPostprocessing = 0;
		};
		6735BCEF18FD49C3007C2D65 /* Frameworks */ = {
			isa = PBXFrameworksBuildPhase;
			buildActionMask = 2147483647;
			files = (
				6735BCF418FD49C3007C2D65 /* XCTest.framework in Frameworks */,
				6735BCF618FD49C3007C2D65 /* UIKit.framework in Frameworks */,
				6735BCF518FD49C3007C2D65 /* Foundation.framework in Frameworks */,
			);
			runOnlyForDeploymentPostprocessing = 0;
		};
/* End PBXFrameworksBuildPhase section */

/* Begin PBXGroup section */
		6735BCC518FD49C3007C2D65 = {
			isa = PBXGroup;
			children = (
				6735BCD718FD49C3007C2D65 /* ColorPanel */,
				6735BCF918FD49C3007C2D65 /* ColorPanelTests */,
				6735BCD018FD49C3007C2D65 /* Frameworks */,
				6735BCCF18FD49C3007C2D65 /* Products */,
			);
			sourceTree = "<group>";
		};
		6735BCCF18FD49C3007C2D65 /* Products */ = {
			isa = PBXGroup;
			children = (
				6735BCCE18FD49C3007C2D65 /* ColorPanel.app */,
				6735BCF218FD49C3007C2D65 /* ColorPanelTests.xctest */,
			);
			name = Products;
			sourceTree = "<group>";
		};
		6735BCD018FD49C3007C2D65 /* Frameworks */ = {
			isa = PBXGroup;
			children = (
				6735BCD118FD49C3007C2D65 /* Foundation.framework */,
				6735BCD318FD49C3007C2D65 /* CoreGraphics.framework */,
				6735BCD518FD49C3007C2D65 /* UIKit.framework */,
				6735BCF318FD49C3007C2D65 /* XCTest.framework */,
			);
			name = Frameworks;
			sourceTree = "<group>";
		};
		6735BCD718FD49C3007C2D65 /* ColorPanel */ = {
			isa = PBXGroup;
			children = (
				6735BCE018FD49C3007C2D65 /* HPAppDelegate.h */,
				6735BCE118FD49C3007C2D65 /* HPAppDelegate.m */,
				6735BCE318FD49C3007C2D65 /* Main_iPhone.storyboard */,
				6735BCE618FD49C3007C2D65 /* Main_iPad.storyboard */,
				6735BCE918FD49C3007C2D65 /* HPViewController.h */,
				6735BCEA18FD49C3007C2D65 /* HPViewController.m */,
				6735BCEC18FD49C3007C2D65 /* Images.xcassets */,
				6735BCD818FD49C3007C2D65 /* Supporting Files */,
			);
			path = ColorPanel;
			sourceTree = "<group>";
		};
		6735BCD818FD49C3007C2D65 /* Supporting Files */ = {
			isa = PBXGroup;
			children = (
				6735BCD918FD49C3007C2D65 /* ColorPanel-Info.plist */,
				6735BCDA18FD49C3007C2D65 /* InfoPlist.strings */,
				6735BCDD18FD49C3007C2D65 /* main.m */,
				6735BCDF18FD49C3007C2D65 /* ColorPanel-Prefix.pch */,
			);
			name = "Supporting Files";
			sourceTree = "<group>";
		};
		6735BCF918FD49C3007C2D65 /* ColorPanelTests */ = {
			isa = PBXGroup;
			children = (
				6735BCFF18FD49C3007C2D65 /* ColorPanelTests.m */,
				6735BCFA18FD49C3007C2D65 /* Supporting Files */,
			);
			path = ColorPanelTests;
			sourceTree = "<group>";
		};
		6735BCFA18FD49C3007C2D65 /* Supporting Files */ = {
			isa = PBXGroup;
			children = (
				6735BCFB18FD49C3007C2D65 /* ColorPanelTests-Info.plist */,
				6735BCFC18FD49C3007C2D65 /* InfoPlist.strings */,
			);
			name = "Supporting Files";
			sourceTree = "<group>";
		};
/* End PBXGroup section */

/* Begin PBXNativeTarget section */
		6735BCCD18FD49C3007C2D65 /* ColorPanel */ = {
			isa = PBXNativeTarget;
			buildConfigurationList = 6735BD0318FD49C3007C2D65 /* Build configuration list for PBXNativeTarget "ColorPanel" */;
			buildPhases = (
				6735BCCA18FD49C3007C2D65 /* Sources */,
				6735BCCB18FD49C3007C2D65 /* Frameworks */,
				6735BCCC18FD49C3007C2D65 /* Resources */,
			);
			buildRules = (
			);
			dependencies = (
			);
			name = ColorPanel;
			productName = ColorPanel;
			productReference = 6735BCCE18FD49C3007C2D65 /* ColorPanel.app */;
			productType = "com.apple.product-type.application";
		};
		6735BCF118FD49C3007C2D65 /* ColorPanelTests */ = {
			isa = PBXNativeTarget;
			buildConfigurationList = 6735BD0618FD49C3007C2D65 /* Build configuration list for PBXNativeTarget "ColorPanelTests" */;
			buildPhases = (
				6735BCEE18FD49C3007C2D65 /* Sources */,
				6735BCEF18FD49C3007C2D65 /* Frameworks */,
				6735BCF018FD49C3007C2D65 /* Resources */,
			);
			buildRules = (
			);
			dependencies = (
				6735BCF818FD49C3007C2D65 /* PBXTargetDependency */,
			);
			name = ColorPanelTests;
			productName = ColorPanelTests;
			productReference = 6735BCF218FD49C3007C2D65 /* ColorPanelTests.xctest */;
			productType = "com.apple.product-type.bundle.unit-test";
		};
/* End PBXNativeTarget section */

/* Begin PBXProject section */
		6735BCC618FD49C3007C2D65 /* Project object */ = {
			isa = PBXProject;
			attributes = {
				CLASSPREFIX = HP;
				LastUpgradeCheck = 0510;
				ORGANIZATIONNAME = hupeng;
				TargetAttributes = {
					6735BCF118FD49C3007C2D65 = {
						TestTargetID = 6735BCCD18FD49C3007C2D65;
					};
				};
			};
			buildConfigurationList = 6735BCC918FD49C3007C2D65 /* Build configuration list for PBXProject "ColorPanel" */;
			compatibilityVersion = "Xcode 3.2";
			developmentRegion = English;
			hasScannedForEncodings = 0;
			knownRegions = (
				en,
				Base,
			);
			mainGroup = 6735BCC518FD49C3007C2D65;
			productRefGroup = 6735BCCF18FD49C3007C2D65 /* Products */;
			projectDirPath = "";
			projectRoot = "";
			targets = (
				6735BCCD18FD49C3007C2D65 /* ColorPanel */,
				6735BCF118FD49C3007C2D65 /* ColorPanelTests */,
			);
		};
/* End PBXProject section */

/* Begin PBXResourcesBuildPhase section */
		6735BCCC18FD49C3007C2D65 /* Resources */ = {
			isa = PBXResourcesBuildPhase;
			buildActionMask = 2147483647;
			files = (
				6735BCE818FD49C3007C2D65 /* Main_iPad.storyboard in Resources */,
				6735BCED18FD49C3007C2D65 /* Images.xcassets in Resources */,
				6735BCE518FD49C3007C2D65 /* Main_iPhone.storyboard in Resources */,
				6735BCDC18FD49C3007C2D65 /* InfoPlist.strings in Resources */,
			);
			runOnlyForDeploymentPostprocessing = 0;
		};
		6735BCF018FD49C3007C2D65 /* Resources */ = {
			isa = PBXResourcesBuildPhase;
			buildActionMask = 2147483647;
			files = (
				6735BCFE18FD49C3007C2D65 /* InfoPlist.strings in Resources */,
			);
			runOnlyForDeploymentPostprocessing = 0;
		};
/* End PBXResourcesBuildPhase section */

/* Begin PBXSourcesBuildPhase section */
		6735BCCA18FD49C3007C2D65 /* Sources */ = {
			isa = PBXSourcesBuildPhase;
			buildActionMask = 2147483647;
			files = (
				6735BCEB18FD49C3007C2D65 /* HPViewController.m in Sources */,
				6735BCE218FD49C3007C2D65 /* HPAppDelegate.m in Sources */,
				6735BCDE18FD49C3007C2D65 /* main.m in Sources */,
			);
			runOnlyForDeploymentPostprocessing = 0;
		};
		6735BCEE18FD49C3007C2D65 /* Sources */ = {
			isa = PBXSourcesBuildPhase;
			buildActionMask = 2147483647;
			files = (
				6735BD0018FD49C3007C2D65 /* ColorPanelTests.m in Sources */,
			);
			runOnlyForDeploymentPostprocessing = 0;
		};
/* End PBXSourcesBuildPhase section */

/* Begin PBXTargetDependency section */
		6735BCF818FD49C3007C2D65 /* PBXTargetDependency */ = {
			isa = PBXTargetDependency;
			target = 6735BCCD18FD49C3007C2D65 /* ColorPanel */;
			targetProxy = 6735BCF718FD49C3007C2D65 /* PBXContainerItemProxy */;
		};
/* End PBXTargetDependency section */

/* Begin PBXVariantGroup section */
		6735BCDA18FD49C3007C2D65 /* InfoPlist.strings */ = {
			isa = PBXVariantGroup;
			children = (
				6735BCDB18FD49C3007C2D65 /* en */,
			);
			name = InfoPlist.strings;
			sourceTree = "<group>";
		};
		6735BCE318FD49C3007C2D65 /* Main_iPhone.storyboard */ = {
			isa = PBXVariantGroup;
			children = (
				6735BCE418FD49C3007C2D65 /* Base */,
			);
			name = Main_iPhone.storyboard;
			sourceTree = "<group>";
		};
		6735BCE618FD49C3007C2D65 /* Main_iPad.storyboard */ = {
			isa = PBXVariantGroup;
			children = (
				6735BCE718FD49C3007C2D65 /* Base */,
			);
			name = Main_iPad.storyboard;
			sourceTree = "<group>";
		};
		6735BCFC18FD49C3007C2D65 /* InfoPlist.strings */ = {
			isa = PBXVariantGroup;
			children = (
				6735BCFD18FD49C3007C2D65 /* en */,
			);
			name = InfoPlist.strings;
			sourceTree = "<group>";
		};
/* End PBXVariantGroup section */

/* Begin XCBuildConfiguration section */
		6735BD0118FD49C3007C2D65 /* Debug */ = {
			isa = XCBuildConfiguration;
			buildSettings = {
				ALWAYS_SEARCH_USER_PATHS = NO;
				CLANG_CXX_LANGUAGE_STANDARD = "gnu++0x";
				CLANG_CXX_LIBRARY = "libc++";
				CLANG_ENABLE_MODULES = YES;
				CLANG_ENABLE_OBJC_ARC = YES;
				CLANG_WARN_BOOL_CONVERSION = YES;
				CLANG_WARN_CONSTANT_CONVERSION = YES;
				CLANG_WARN_DIRECT_OBJC_ISA_USAGE = YES_ERROR;
				CLANG_WARN_EMPTY_BODY = YES;
				CLANG_WARN_ENUM_CONVERSION = YES;
				CLANG_WARN_INT_CONVERSION = YES;
				CLANG_WARN_OBJC_ROOT_CLASS = YES_ERROR;
				CLANG_WARN__DUPLICATE_METHOD_MATCH = YES;
				"CODE_SIGN_IDENTITY[sdk=iphoneos*]" = "iPhone Developer";
				COPY_PHASE_STRIP = NO;
				GCC_C_LANGUAGE_STANDARD = gnu99;
				GCC_DYNAMIC_NO_PIC = NO;
				GCC_OPTIMIZATION_LEVEL = 0;
				GCC_PREPROCESSOR_DEFINITIONS = (
					"DEBUG=1",
					"$(inherited)",
				);
				GCC_SYMBOLS_PRIVATE_EXTERN = NO;
				GCC_WARN_64_TO_32_BIT_CONVERSION = YES;
				GCC_WARN_ABOUT_RETURN_TYPE = YES_ERROR;
				GCC_WARN_UNDECLARED_SELECTOR = YES;
				GCC_WARN_UNINITIALIZED_AUTOS = YES_AGGRESSIVE;
				GCC_WARN_UNUSED_FUNCTION = YES;
				GCC_WARN_UNUSED_VARIABLE = YES;
				IPHONEOS_DEPLOYMENT_TARGET = 7.1;
				ONLY_ACTIVE_ARCH = YES;
				SDKROOT = iphoneos;
				TARGETED_DEVICE_FAMILY = "1,2";
			};
			name = Debug;
		};
		6735BD0218FD49C3007C2D65 /* Release */ = {
			isa = XCBuildConfiguration;
			buildSettings = {
				ALWAYS_SEARCH_USER_PATHS = NO;
				CLANG_CXX_LANGUAGE_STANDARD = "gnu++0x";
				CLANG_CXX_LIBRARY = "libc++";
				CLANG_ENABLE_MODULES = YES;
				CLANG_ENABLE_OBJC_ARC = YES;
				CLANG_WARN_BOOL_CONVERSION = YES;
				CLANG_WARN_CONSTANT_CONVERSION = YES;
				CLANG_WARN_DIRECT_OBJC_ISA_USAGE = YES_ERROR;
				CLANG_WARN_EMPTY_BODY = YES;
				CLANG_WARN_ENUM_CONVERSION = YES;
				CLANG_WARN_INT_CONVERSION = YES;
				CLANG_WARN_OBJC_ROOT_CLASS = YES_ERROR;
				CLANG_WARN__DUPLICATE_METHOD_MATCH = YES;
				"CODE_SIGN_IDENTITY[sdk=iphoneos*]" = "iPhone Developer";
				COPY_PHASE_STRIP = YES;
				ENABLE_NS_ASSERTIONS = NO;
				GCC_C_LANGUAGE_STANDARD = gnu99;
				GCC_WARN_64_TO_32_BIT_CONVERSION = YES;
				GCC_WARN_ABOUT_RETURN_TYPE = YES_ERROR;
				GCC_WARN_UNDECLARED_SELECTOR = YES;
				GCC_WARN_UNINITIALIZED_AUTOS = YES_AGGRESSIVE;
				GCC_WARN_UNUSED_FUNCTION = YES;
				GCC_WARN_UNUSED_VARIABLE = YES;
				IPHONEOS_DEPLOYMENT_TARGET = 7.1;
				SDKROOT = iphoneos;
				TARGETED_DEVICE_FAMILY = "1,2";
				VALIDATE_PRODUCT = YES;
			};
			name = Release;
		};
		6735BD0418FD49C3007C2D65 /* Debug */ = {
			isa = XCBuildConfiguration;
			buildSettings = {
				ASSETCATALOG_COMPILER_APPICON_NAME = AppIcon;
				ASSETCATALOG_COMPILER_LAUNCHIMAGE_NAME = LaunchImage;
				GCC_PRECOMPILE_PREFIX_HEADER = YES;
				GCC_PREFIX_HEADER = "ColorPanel/ColorPanel-Prefix.pch";
				INFOPLIST_FILE = "ColorPanel/ColorPanel-Info.plist";
				PRODUCT_NAME = "$(TARGET_NAME)";
				WRAPPER_EXTENSION = app;
			};
			name = Debug;
		};
		6735BD0518FD49C3007C2D65 /* Release */ = {
			isa = XCBuildConfiguration;
			buildSettings = {
				ASSETCATALOG_COMPILER_APPICON_NAME = AppIcon;
				ASSETCATALOG_COMPILER_LAUNCHIMAGE_NAME = LaunchImage;
				GCC_PRECOMPILE_PREFIX_HEADER = YES;
				GCC_PREFIX_HEADER = "ColorPanel/ColorPanel-Prefix.pch";
				INFOPLIST_FILE = "ColorPanel/ColorPanel-Info.plist";
				PRODUCT_NAME = "$(TARGET_NAME)";
				WRAPPER_EXTENSION = app;
			};
			name = Release;
		};
		6735BD0718FD49C3007C2D65 /* Debug */ = {
			isa = XCBuildConfiguration;
			buildSettings = {
				BUNDLE_LOADER = "$(BUILT_PRODUCTS_DIR)/ColorPanel.app/ColorPanel";
				FRAMEWORK_SEARCH_PATHS = (
					"$(SDKROOT)/Developer/Library/Frameworks",
					"$(inherited)",
					"$(DEVELOPER_FRAMEWORKS_DIR)",
				);
				GCC_PRECOMPILE_PREFIX_HEADER = YES;
				GCC_PREFIX_HEADER = "ColorPanel/ColorPanel-Prefix.pch";
				GCC_PREPROCESSOR_DEFINITIONS = (
					"DEBUG=1",
					"$(inherited)",
				);
				INFOPLIST_FILE = "ColorPanelTests/ColorPanelTests-Info.plist";
				PRODUCT_NAME = "$(TARGET_NAME)";
				TEST_HOST = "$(BUNDLE_LOADER)";
				WRAPPER_EXTENSION = xctest;
			};
			name = Debug;
		};
		6735BD0818FD49C3007C2D65 /* Release */ = {
			isa = XCBuildConfiguration;
			buildSettings = {
				BUNDLE_LOADER = "$(BUILT_PRODUCTS_DIR)/ColorPanel.app/ColorPanel";
				FRAMEWORK_SEARCH_PATHS = (
					"$(SDKROOT)/Developer/Library/Frameworks",
					"$(inherited)",
					"$(DEVELOPER_FRAMEWORKS_DIR)",
				);
				GCC_PRECOMPILE_PREFIX_HEADER = YES;
				GCC_PREFIX_HEADER = "ColorPanel/ColorPanel-Prefix.pch";
				INFOPLIST_FILE = "ColorPanelTests/ColorPanelTests-Info.plist";
				PRODUCT_NAME = "$(TARGET_NAME)";
				TEST_HOST = "$(BUNDLE_LOADER)";
				WRAPPER_EXTENSION = xctest;
			};
			name = Release;
		};
/* End XCBuildConfiguration section */

/* Begin XCConfigurationList section */
		6735BCC918FD49C3007C2D65 /* Build configuration list for PBXProject "ColorPanel" */ = {
			isa = XCConfigurationList;
			buildConfigurations = (
				6735BD0118FD49C3007C2D65 /* Debug */,
				6735BD0218FD49C3007C2D65 /* Release */,
			);
			defaultConfigurationIsVisible = 0;
			defaultConfigurationName = Release;
		};
		6735BD0318FD49C3007C2D65 /* Build configuration list for PBXNativeTarget "ColorPanel" */ = {
			isa = XCConfigurationList;
			buildConfigurations = (
				6735BD0418FD49C3007C2D65 /* Debug */,
				6735BD0518FD49C3007C2D65 /* Release */,
			);
			defaultConfigurationIsVisible = 0;
		};
		6735BD0618FD49C3007C2D65 /* Build configuration list for PBXNativeTarget "ColorPanelTests" */ = {
			isa = XCConfigurationList;
			buildConfigurations = (
				6735BD0718FD49C3007C2D65 /* Debug */,
				6735BD0818FD49C3007C2D65 /* Release */,
			);
			defaultConfigurationIsVisible = 0;
		};
/* End XCConfigurationList section */
	};
	rootObject = 6735BCC618FD49C3007C2D65 /* Project object */;
}
